
Microsoft Visual Studio Solution File, Format Version 12.00
# Visual Studio 15
VisualStudioVersion = 15.0.27130.2010
MinimumVisualStudioVersion = 10.0.40219.1
Project("{8BC9CEB8-8B4A-11D0-8D11-00A0C91BC942}") = "EventCleaner", "EventCleaner\EventCleaner.vcxproj", "{D8A76296-A666-46C7-9CA0-254BA97E3B7C}"
EndProject
Project("{8BC9CEB8-8B4A-11D0-8D11-00A0C91BC942}") = "unlocker", "unlocker\unlocker.vcxproj", "{0A2B3F8A-EDC2-48B5-A5FC-DE2AC57C8990}"
EndProject
Global
	GlobalSection(SolutionConfigurationPlatforms) = preSolution
		Debug|x64 = Debug|x64
		Debug|x86 = Debug|x86
		Release|x64 = Release|x64
		Release|x86 = Release|x86
	EndGlobalSection
	GlobalSection(ProjectConfigurationPlatforms) = postSolution
		{D8A76296-A666-46C7-9CA0-254BA97E3B7C}.Debug|x64.ActiveCfg = Debug|x64
		{D8A76296-A666-46C7-9CA0-254BA97E3B7C}.Debug|x64.Build.0 = Debug|x64
		{D8A76296-A666-46C7-9CA0-254BA97E3B7C}.Debug|x86.ActiveCfg = Debug|Win32
		{D8A76296-A666-46C7-9CA0-254BA97E3B7C}.Debug|x86.Build.0 = Debug|Win32
		{D8A76296-A666-46C7-9CA0-254BA97E3B7C}.Release|x64.ActiveCfg = Release|x64
		{D8A76296-A666-46C7-9CA0-254BA97E3B7C}.Release|x64.Build.0 = Release|x64
		{D8A76296-A666-46C7-9CA0-254BA97E3B7C}.Release|x86.ActiveCfg = Release|Win32
		{D8A76296-A666-46C7-9CA0-254BA97E3B7C}.Release|x86.Build.0 = Release|Win32
		{0A2B3F8A-EDC2-48B5-A5FC-DE2AC57C8990}.Debug|x64.ActiveCfg = Debug|x64
		{0A2B3F8A-EDC2-48B5-A5FC-DE2AC57C8990}.Debug|x64.Build.0 = Debug|x64
		{0A2B3F8A-EDC2-48B5-A5FC-DE2AC57C8990}.Debug|x86.ActiveCfg = Debug|Win32
		{0A2B3F8A-EDC2-48B5-A5FC-DE2AC57C8990}.Debug|x86.Build.0 = Debug|Win32
		{0A2B3F8A-EDC2-48B5-A5FC-DE2AC57C8990}.Release|x64.ActiveCfg = Release|x64
		{0A2B3F8A-EDC2-48B5-A5FC-DE2AC57C8990}.Release|x64.Build.0 = Release|x64
		{0A2B3F8A-EDC2-48B5-A5FC-DE2AC57C8990}.Release|x86.ActiveCfg = Release|Win32
		{0A2B3F8A-EDC2-48B5-A5FC-DE2AC57C8990}.Release|x86.Build.0 = Release|Win32
	EndGlobalSection
	GlobalSection(SolutionProperties) = preSolution
		HideSolutionNode = FALSE
	EndGlobalSection
	GlobalSection(ExtensibilityGlobals) = postSolution
		SolutionGuid = {3658CB23-4E0F-4331-8C04-6EDF26745307}
	EndGlobalSection
EndGlobal
